
Microsoft Visual Studio Solution File, Format Version 12.00
# Visual Studio Version 17
VisualStudioVersion = 17.10.35122.118
MinimumVisualStudioVersion = 10.0.40219.1
Project("{FAE04EC0-301F-11D3-BF4B-00C04F79EFBC}") = "myPortfolio", "myPortfolio\myPortfolio.csproj", "{FC26E6BF-6924-414D-A702-B2151C0CF71F}"
EndProject
Global
	GlobalSection(SolutionConfigurationPlatforms) = preSolution
		Debug|Any CPU = Debug|Any CPU
		Release|Any CPU = Release|Any CPU
	EndGlobalSection
	GlobalSection(ProjectConfigurationPlatforms) = postSolution
		{FC26E6BF-6924-414D-A702-B2151C0CF71F}.Debug|Any CPU.ActiveCfg = Debug|Any CPU
		{FC26E6BF-6924-414D-A702-B2151C0CF71F}.Debug|Any CPU.Build.0 = Debug|Any CPU
		{FC26E6BF-6924-414D-A702-B2151C0CF71F}.Release|Any CPU.ActiveCfg = Release|Any CPU
		{FC26E6BF-6924-414D-A702-B2151C0CF71F}.Release|Any CPU.Build.0 = Release|Any CPU
	EndGlobalSection
	GlobalSection(SolutionProperties) = preSolution
		HideSolutionNode = FALSE
	EndGlobalSection
	GlobalSection(ExtensibilityGlobals) = postSolution
		SolutionGuid = {4FE7A1C4-0036-4F3C-8018-F8D7B1C7FB13}
	EndGlobalSection
EndGlobal
